
Microsoft Visual Studio Solution File, Format Version 12.00
# Visual Studio Version 17
VisualStudioVersion = 17.3.32901.215
MinimumVisualStudioVersion = 10.0.40219.1
Project("{FAE04EC0-301F-11D3-BF4B-00C04F79EFBC}") = "OpenCV", "OpenCV\OpenCV.csproj", "{BC0EEA28-5ED9-4DEE-97F0-EB99D0E4B435}"
EndProject
Global
	GlobalSection(SolutionConfigurationPlatforms) = preSolution
		Debug|Any CPU = Debug|Any CPU
		Release|Any CPU = Release|Any CPU
	EndGlobalSection
	GlobalSection(ProjectConfigurationPlatforms) = postSolution
		{BC0EEA28-5ED9-4DEE-97F0-EB99D0E4B435}.Debug|Any CPU.ActiveCfg = Debug|Any CPU
		{BC0EEA28-5ED9-4DEE-97F0-EB99D0E4B435}.Debug|Any CPU.Build.0 = Debug|Any CPU
		{BC0EEA28-5ED9-4DEE-97F0-EB99D0E4B435}.Release|Any CPU.ActiveCfg = Release|Any CPU
		{BC0EEA28-5ED9-4DEE-97F0-EB99D0E4B435}.Release|Any CPU.Build.0 = Release|Any CPU
	EndGlobalSection
	GlobalSection(SolutionProperties) = preSolution
		HideSolutionNode = FALSE
	EndGlobalSection
	GlobalSection(ExtensibilityGlobals) = postSolution
		SolutionGuid = {12AF2860-8B3C-4063-8ECE-9BDE4DFF8592}
	EndGlobalSection
EndGlobal
